
Microsoft Visual Studio Solution File, Format Version 12.00
# Visual Studio Version 17
VisualStudioVersion = 17.5.002.0
MinimumVisualStudioVersion = 10.0.40219.1
Project("{9A19103F-16F7-4668-BE54-9A1E7A4F7556}") = "fakultet", "fakultet.csproj", "{E93CF708-1337-4F3A-807F-7C576ED16588}"
EndProject
Global
	GlobalSection(SolutionConfigurationPlatforms) = preSolution
		Debug|Any CPU = Debug|Any CPU
		Release|Any CPU = Release|Any CPU
	EndGlobalSection
	GlobalSection(ProjectConfigurationPlatforms) = postSolution
		{E93CF708-1337-4F3A-807F-7C576ED16588}.Debug|Any CPU.ActiveCfg = Debug|Any CPU
		{E93CF708-1337-4F3A-807F-7C576ED16588}.Debug|Any CPU.Build.0 = Debug|Any CPU
		{E93CF708-1337-4F3A-807F-7C576ED16588}.Release|Any CPU.ActiveCfg = Release|Any CPU
		{E93CF708-1337-4F3A-807F-7C576ED16588}.Release|Any CPU.Build.0 = Release|Any CPU
	EndGlobalSection
	GlobalSection(SolutionProperties) = preSolution
		HideSolutionNode = FALSE
	EndGlobalSection
	GlobalSection(ExtensibilityGlobals) = postSolution
		SolutionGuid = {F5C2D335-3CA1-432E-8BA2-AEF0F2F48BEE}
	EndGlobalSection
EndGlobal
