
Microsoft Visual Studio Solution File, Format Version 12.00
# Visual Studio Version 17
VisualStudioVersion = 17.5.002.0
MinimumVisualStudioVersion = 10.0.40219.1
Project("{9A19103F-16F7-4668-BE54-9A1E7A4F7556}") = "CPR Register", "CPR Register.csproj", "{E6057AE0-1EEA-4C9E-8441-8A151E8A0193}"
EndProject
Global
	GlobalSection(SolutionConfigurationPlatforms) = preSolution
		Debug|Any CPU = Debug|Any CPU
		Release|Any CPU = Release|Any CPU
	EndGlobalSection
	GlobalSection(ProjectConfigurationPlatforms) = postSolution
		{E6057AE0-1EEA-4C9E-8441-8A151E8A0193}.Debug|Any CPU.ActiveCfg = Debug|Any CPU
		{E6057AE0-1EEA-4C9E-8441-8A151E8A0193}.Debug|Any CPU.Build.0 = Debug|Any CPU
		{E6057AE0-1EEA-4C9E-8441-8A151E8A0193}.Release|Any CPU.ActiveCfg = Release|Any CPU
		{E6057AE0-1EEA-4C9E-8441-8A151E8A0193}.Release|Any CPU.Build.0 = Release|Any CPU
	EndGlobalSection
	GlobalSection(SolutionProperties) = preSolution
		HideSolutionNode = FALSE
	EndGlobalSection
	GlobalSection(ExtensibilityGlobals) = postSolution
		SolutionGuid = {A4694D7C-7161-47AF-983F-ACCB6C275E3C}
	EndGlobalSection
EndGlobal
